
Microsoft Visual Studio Solution File, Format Version 12.00
# Visual Studio 15
VisualStudioVersion = 15.0.27004.2005
MinimumVisualStudioVersion = 10.0.40219.1
Project("{9A19103F-16F7-4668-BE54-9A1E7A4F7556}") = "SpyStore.DAL", "SpyStore.DAL\SpyStore.DAL.csproj", "{C971EDCE-C574-498B-AFED-82761778E27C}"
EndProject
Project("{9A19103F-16F7-4668-BE54-9A1E7A4F7556}") = "SpyStore.Models", "SpyStore.Models\SpyStore.Models.csproj", "{FE333F67-C7FC-4629-A4E7-C28E9C19F8F3}"
EndProject
Project("{9A19103F-16F7-4668-BE54-9A1E7A4F7556}") = "SpyStore.DAL.Tests", "SpyStore.DAL.Tests\SpyStore.DAL.Tests.csproj", "{96790396-737C-40FF-813B-5461E4837F71}"
EndProject
Global
	GlobalSection(SolutionConfigurationPlatforms) = preSolution
		Debug|Any CPU = Debug|Any CPU
		Release|Any CPU = Release|Any CPU
	EndGlobalSection
	GlobalSection(ProjectConfigurationPlatforms) = postSolution
		{C971EDCE-C574-498B-AFED-82761778E27C}.Debug|Any CPU.ActiveCfg = Debug|Any CPU
		{C971EDCE-C574-498B-AFED-82761778E27C}.Debug|Any CPU.Build.0 = Debug|Any CPU
		{C971EDCE-C574-498B-AFED-82761778E27C}.Release|Any CPU.ActiveCfg = Release|Any CPU
		{C971EDCE-C574-498B-AFED-82761778E27C}.Release|Any CPU.Build.0 = Release|Any CPU
		{FE333F67-C7FC-4629-A4E7-C28E9C19F8F3}.Debug|Any CPU.ActiveCfg = Debug|Any CPU
		{FE333F67-C7FC-4629-A4E7-C28E9C19F8F3}.Debug|Any CPU.Build.0 = Debug|Any CPU
		{FE333F67-C7FC-4629-A4E7-C28E9C19F8F3}.Release|Any CPU.ActiveCfg = Release|Any CPU
		{FE333F67-C7FC-4629-A4E7-C28E9C19F8F3}.Release|Any CPU.Build.0 = Release|Any CPU
		{96790396-737C-40FF-813B-5461E4837F71}.Debug|Any CPU.ActiveCfg = Debug|Any CPU
		{96790396-737C-40FF-813B-5461E4837F71}.Debug|Any CPU.Build.0 = Debug|Any CPU
		{96790396-737C-40FF-813B-5461E4837F71}.Release|Any CPU.ActiveCfg = Release|Any CPU
		{96790396-737C-40FF-813B-5461E4837F71}.Release|Any CPU.Build.0 = Release|Any CPU
	EndGlobalSection
	GlobalSection(SolutionProperties) = preSolution
		HideSolutionNode = FALSE
	EndGlobalSection
	GlobalSection(ExtensibilityGlobals) = postSolution
		SolutionGuid = {CA784AD3-9139-498E-97C3-C916A9BFDBA9}
	EndGlobalSection
EndGlobal
